// !$*UTF8*$!
{
	archiveVersion = 1;
	classes = {
	};
	objectVersion = 46;
	objects = {

/* Begin PBXBuildFile section */
		79D9F7101BAA97790049BF89 /* main.m in Sources */ = {isa = PBXBuildFile; fileRef = 79D9F70F1BAA97790049BF89 /* main.m */; };
		79D9F7131BAA97790049BF89 /* AppDelegate.m in Sources */ = {isa = PBXBuildFile; fileRef = 79D9F7121BAA97790049BF89 /* AppDelegate.m */; };
		79D9F7151BAA97790049BF89 /* Images.xcassets in Resources */ = {isa = PBXBuildFile; fileRef = 79D9F7141BAA97790049BF89 /* Images.xcassets */; };
		79D9F7181BAA97790049BF89 /* LaunchScreen.xib in Resources */ = {isa = PBXBuildFile; fileRef = 79D9F7161BAA97790049BF89 /* LaunchScreen.xib */; };
		79D9F7241BAA97790049BF89 /* WaterFlowTests.m in Sources */ = {isa = PBXBuildFile; fileRef = 79D9F7231BAA97790049BF89 /* WaterFlowTests.m */; };
		79D9F72E1BAA97850049BF89 /* Data.json in Resources */ = {isa = PBXBuildFile; fileRef = 79D9F72D1BAA97850049BF89 /* Data.json */; };
		79D9F7311BAA97EB0049BF89 /* ImageModel.m in Sources */ = {isa = PBXBuildFile; fileRef = 79D9F7301BAA97EB0049BF89 /* ImageModel.m */; };
		79D9F7341BAA98C70049BF89 /* RootViewController.m in Sources */ = {isa = PBXBuildFile; fileRef = 79D9F7331BAA98C70049BF89 /* RootViewController.m */; };
		79D9F7371BAA9A000049BF89 /* CustomLayout.m in Sources */ = {isa = PBXBuildFile; fileRef = 79D9F7361BAA9A000049BF89 /* CustomLayout.m */; };
		79D9F73A1BAABB590049BF89 /* CustomCell.m in Sources */ = {isa = PBXBuildFile; fileRef = 79D9F7391BAABB590049BF89 /* CustomCell.m */; };
		79D9F7B41BAAF2460049BF89 /* ImageDownload.m in Sources */ = {isa = PBXBuildFile; fileRef = 79D9F7B31BAAF2460049BF89 /* ImageDownload.m */; };
/* End PBXBuildFile section */

/* Begin PBXContainerItemProxy section */
		79D9F71E1BAA97790049BF89 /* PBXContainerItemProxy */ = {
			isa = PBXContainerItemProxy;
			containerPortal = 79D9F7021BAA97790049BF89 /* Project object */;
			proxyType = 1;
			remoteGlobalIDString = 79D9F7091BAA97790049BF89;
			remoteInfo = WaterFlow;
		};
/* End PBXContainerItemProxy section */

/* Begin PBXFileReference section */
		79D9F70A1BAA97790049BF89 /* WaterFlow.app */ = {isa = PBXFileReference; explicitFileType = wrapper.application; includeInIndex = 0; path = WaterFlow.app; sourceTree = BUILT_PRODUCTS_DIR; };
		79D9F70E1BAA97790049BF89 /* Info.plist */ = {isa = PBXFileReference; lastKnownFileType = text.plist.xml; path = Info.plist; sourceTree = "<group>"; };
		79D9F70F1BAA97790049BF89 /* main.m */ = {isa = PBXFileReference; lastKnownFileType = sourcecode.c.objc; path = main.m; sourceTree = "<group>"; };
		79D9F7111BAA97790049BF89 /* AppDelegate.h */ = {isa = PBXFileReference; lastKnownFileType = sourcecode.c.h; path = AppDelegate.h; sourceTree = "<group>"; };
		79D9F7121BAA97790049BF89 /* AppDelegate.m */ = {isa = PBXFileReference; lastKnownFileType = sourcecode.c.objc; path = AppDelegate.m; sourceTree = "<group>"; };
		79D9F7141BAA97790049BF89 /* Images.xcassets */ = {isa = PBXFileReference; lastKnownFileType = folder.assetcatalog; path = Images.xcassets; sourceTree = "<group>"; };
		79D9F7171BAA97790049BF89 /* Base */ = {isa = PBXFileReference; lastKnownFileType = file.xib; name = Base; path = Base.lproj/LaunchScreen.xib; sourceTree = "<group>"; };
		79D9F71D1BAA97790049BF89 /* WaterFlowTests.xctest */ = {isa = PBXFileReference; explicitFileType = wrapper.cfbundle; includeInIndex = 0; path = WaterFlowTests.xctest; sourceTree = BUILT_PRODUCTS_DIR; };
		79D9F7221BAA97790049BF89 /* Info.plist */ = {isa = PBXFileReference; lastKnownFileType = text.plist.xml; path = Info.plist; sourceTree = "<group>"; };
		79D9F7231BAA97790049BF89 /* WaterFlowTests.m */ = {isa = PBXFileReference; lastKnownFileType = sourcecode.c.objc; path = WaterFlowTests.m; sourceTree = "<group>"; };
		79D9F72D1BAA97850049BF89 /* Data.json */ = {isa = PBXFileReference; fileEncoding = 4; lastKnownFileType = text.json; path = Data.json; sourceTree = "<group>"; };
		79D9F72F1BAA97EB0049BF89 /* ImageModel.h */ = {isa = PBXFileReference; fileEncoding = 4; lastKnownFileType = sourcecode.c.h; path = ImageModel.h; sourceTree = "<group>"; };
		79D9F7301BAA97EB0049BF89 /* ImageModel.m */ = {isa = PBXFileReference; fileEncoding = 4; lastKnownFileType = sourcecode.c.objc; path = ImageModel.m; sourceTree = "<group>"; };
		79D9F7321BAA98C70049BF89 /* RootViewController.h */ = {isa = PBXFileReference; fileEncoding = 4; lastKnownFileType = sourcecode.c.h; path = RootViewController.h; sourceTree = "<group>"; };
		79D9F7331BAA98C70049BF89 /* RootViewController.m */ = {isa = PBXFileReference; fileEncoding = 4; lastKnownFileType = sourcecode.c.objc; path = RootViewController.m; sourceTree = "<group>"; };
		79D9F7351BAA9A000049BF89 /* CustomLayout.h */ = {isa = PBXFileReference; fileEncoding = 4; lastKnownFileType = sourcecode.c.h; path = CustomLayout.h; sourceTree = "<group>"; };
		79D9F7361BAA9A000049BF89 /* CustomLayout.m */ = {isa = PBXFileReference; fileEncoding = 4; lastKnownFileType = sourcecode.c.objc; path = CustomLayout.m; sourceTree = "<group>"; };
		79D9F7381BAABB590049BF89 /* CustomCell.h */ = {isa = PBXFileReference; fileEncoding = 4; lastKnownFileType = sourcecode.c.h; path = CustomCell.h; sourceTree = "<group>"; };
		79D9F7391BAABB590049BF89 /* CustomCell.m */ = {isa = PBXFileReference; fileEncoding = 4; lastKnownFileType = sourcecode.c.objc; path = CustomCell.m; sourceTree = "<group>"; };
		79D9F7B21BAAF2400049BF89 /* ImageDownload.h */ = {isa = PBXFileReference; lastKnownFileType = sourcecode.c.h; path = ImageDownload.h; sourceTree = "<group>"; };
		79D9F7B31BAAF2460049BF89 /* ImageDownload.m */ = {isa = PBXFileReference; fileEncoding = 4; lastKnownFileType = sourcecode.c.objc; path = ImageDownload.m; sourceTree = "<group>"; };
/* End PBXFileReference section */

/* Begin PBXFrameworksBuildPhase section */
		79D9F7071BAA97790049BF89 /* Frameworks */ = {
			isa = PBXFrameworksBuildPhase;
			buildActionMask = 2147483647;
			files = (
			);
			runOnlyForDeploymentPostprocessing = 0;
		};
		79D9F71A1BAA97790049BF89 /* Frameworks */ = {
			isa = PBXFrameworksBuildPhase;
			buildActionMask = 2147483647;
			files = (
			);
			runOnlyForDeploymentPostprocessing = 0;
		};
/* End PBXFrameworksBuildPhase section */

/* Begin PBXGroup section */
		79D9F7011BAA97790049BF89 = {
			isa = PBXGroup;
			children = (
				79D9F70C1BAA97790049BF89 /* WaterFlow */,
				79D9F7201BAA97790049BF89 /* WaterFlowTests */,
				79D9F70B1BAA97790049BF89 /* Products */,
			);
			sourceTree = "<group>";
		};
		79D9F70B1BAA97790049BF89 /* Products */ = {
			isa = PBXGroup;
			children = (
				79D9F70A1BAA97790049BF89 /* WaterFlow.app */,
				79D9F71D1BAA97790049BF89 /* WaterFlowTests.xctest */,
			);
			name = Products;
			sourceTree = "<group>";
		};
		79D9F70C1BAA97790049BF89 /* WaterFlow */ = {
			isa = PBXGroup;
			children = (
				79D9F7111BAA97790049BF89 /* AppDelegate.h */,
				79D9F7121BAA97790049BF89 /* AppDelegate.m */,
				79D9F7321BAA98C70049BF89 /* RootViewController.h */,
				79D9F7331BAA98C70049BF89 /* RootViewController.m */,
				79D9F7381BAABB590049BF89 /* CustomCell.h */,
				79D9F7391BAABB590049BF89 /* CustomCell.m */,
				79D9F7351BAA9A000049BF89 /* CustomLayout.h */,
				79D9F7361BAA9A000049BF89 /* CustomLayout.m */,
				79D9F72F1BAA97EB0049BF89 /* ImageModel.h */,
				79D9F7301BAA97EB0049BF89 /* ImageModel.m */,
				79D9F7B21BAAF2400049BF89 /* ImageDownload.h */,
				79D9F7B31BAAF2460049BF89 /* ImageDownload.m */,
				79D9F72D1BAA97850049BF89 /* Data.json */,
				79D9F7141BAA97790049BF89 /* Images.xcassets */,
				79D9F7161BAA97790049BF89 /* LaunchScreen.xib */,
				79D9F70D1BAA97790049BF89 /* Supporting Files */,
			);
			path = WaterFlow;
			sourceTree = "<group>";
		};
		79D9F70D1BAA97790049BF89 /* Supporting Files */ = {
			isa = PBXGroup;
			children = (
				79D9F70E1BAA97790049BF89 /* Info.plist */,
				79D9F70F1BAA97790049BF89 /* main.m */,
			);
			name = "Supporting Files";
			sourceTree = "<group>";
		};
		79D9F7201BAA97790049BF89 /* WaterFlowTests */ = {
			isa = PBXGroup;
			children = (
				79D9F7231BAA97790049BF89 /* WaterFlowTests.m */,
				79D9F7211BAA97790049BF89 /* Supporting Files */,
			);
			path = WaterFlowTests;
			sourceTree = "<group>";
		};
		79D9F7211BAA97790049BF89 /* Supporting Files */ = {
			isa = PBXGroup;
			children = (
				79D9F7221BAA97790049BF89 /* Info.plist */,
			);
			name = "Supporting Files";
			sourceTree = "<group>";
		};
/* End PBXGroup section */

/* Begin PBXNativeTarget section */
		79D9F7091BAA97790049BF89 /* WaterFlow */ = {
			isa = PBXNativeTarget;
			buildConfigurationList = 79D9F7271BAA97790049BF89 /* Build configuration list for PBXNativeTarget "WaterFlow" */;
			buildPhases = (
				79D9F7061BAA97790049BF89 /* Sources */,
				79D9F7071BAA97790049BF89 /* Frameworks */,
				79D9F7081BAA97790049BF89 /* Resources */,
			);
			buildRules = (
			);
			dependencies = (
			);
			name = WaterFlow;
			productName = WaterFlow;
			productReference = 79D9F70A1BAA97790049BF89 /* WaterFlow.app */;
			productType = "com.apple.product-type.application";
		};
		79D9F71C1BAA97790049BF89 /* WaterFlowTests */ = {
			isa = PBXNativeTarget;
			buildConfigurationList = 79D9F72A1BAA97790049BF89 /* Build configuration list for PBXNativeTarget "WaterFlowTests" */;
			buildPhases = (
				79D9F7191BAA97790049BF89 /* Sources */,
				79D9F71A1BAA97790049BF89 /* Frameworks */,
				79D9F71B1BAA97790049BF89 /* Resources */,
			);
			buildRules = (
			);
			dependencies = (
				79D9F71F1BAA97790049BF89 /* PBXTargetDependency */,
			);
			name = WaterFlowTests;
			productName = WaterFlowTests;
			productReference = 79D9F71D1BAA97790049BF89 /* WaterFlowTests.xctest */;
			productType = "com.apple.product-type.bundle.unit-test";
		};
/* End PBXNativeTarget section */

/* Begin PBXProject section */
		79D9F7021BAA97790049BF89 /* Project object */ = {
			isa = PBXProject;
			attributes = {
				LastUpgradeCheck = 0630;
				ORGANIZATIONNAME = "徐永祥";
				TargetAttributes = {
					79D9F7091BAA97790049BF89 = {
						CreatedOnToolsVersion = 6.3.2;
					};
					79D9F71C1BAA97790049BF89 = {
						CreatedOnToolsVersion = 6.3.2;
						TestTargetID = 79D9F7091BAA97790049BF89;
					};
				};
			};
			buildConfigurationList = 79D9F7051BAA97790049BF89 /* Build configuration list for PBXProject "WaterFlow" */;
			compatibilityVersion = "Xcode 3.2";
			developmentRegion = English;
			hasScannedForEncodings = 0;
			knownRegions = (
				en,
				Base,
			);
			mainGroup = 79D9F7011BAA97790049BF89;
			productRefGroup = 79D9F70B1BAA97790049BF89 /* Products */;
			projectDirPath = "";
			projectRoot = "";
			targets = (
				79D9F7091BAA97790049BF89 /* WaterFlow */,
				79D9F71C1BAA97790049BF89 /* WaterFlowTests */,
			);
		};
/* End PBXProject section */

/* Begin PBXResourcesBuildPhase section */
		79D9F7081BAA97790049BF89 /* Resources */ = {
			isa = PBXResourcesBuildPhase;
			buildActionMask = 2147483647;
			files = (
				79D9F7181BAA97790049BF89 /* LaunchScreen.xib in Resources */,
				79D9F7151BAA97790049BF89 /* Images.xcassets in Resources */,
				79D9F72E1BAA97850049BF89 /* Data.json in Resources */,
			);
			runOnlyForDeploymentPostprocessing = 0;
		};
		79D9F71B1BAA97790049BF89 /* Resources */ = {
			isa = PBXResourcesBuildPhase;
			buildActionMask = 2147483647;
			files = (
			);
			runOnlyForDeploymentPostprocessing = 0;
		};
/* End PBXResourcesBuildPhase section */

/* Begin PBXSourcesBuildPhase section */
		79D9F7061BAA97790049BF89 /* Sources */ = {
			isa = PBXSourcesBuildPhase;
			buildActionMask = 2147483647;
			files = (
				79D9F7311BAA97EB0049BF89 /* ImageModel.m in Sources */,
				79D9F7371BAA9A000049BF89 /* CustomLayout.m in Sources */,
				79D9F73A1BAABB590049BF89 /* CustomCell.m in Sources */,
				79D9F7131BAA97790049BF89 /* AppDelegate.m in Sources */,
				79D9F7341BAA98C70049BF89 /* RootViewController.m in Sources */,
				79D9F7B41BAAF2460049BF89 /* ImageDownload.m in Sources */,
				79D9F7101BAA97790049BF89 /* main.m in Sources */,
			);
			runOnlyForDeploymentPostprocessing = 0;
		};
		79D9F7191BAA97790049BF89 /* Sources */ = {
			isa = PBXSourcesBuildPhase;
			buildActionMask = 2147483647;
			files = (
				79D9F7241BAA97790049BF89 /* WaterFlowTests.m in Sources */,
			);
			runOnlyForDeploymentPostprocessing = 0;
		};
/* End PBXSourcesBuildPhase section */

/* Begin PBXTargetDependency section */
		79D9F71F1BAA97790049BF89 /* PBXTargetDependency */ = {
			isa = PBXTargetDependency;
			target = 79D9F7091BAA97790049BF89 /* WaterFlow */;
			targetProxy = 79D9F71E1BAA97790049BF89 /* PBXContainerItemProxy */;
		};
/* End PBXTargetDependency section */

/* Begin PBXVariantGroup section */
		79D9F7161BAA97790049BF89 /* LaunchScreen.xib */ = {
			isa = PBXVariantGroup;
			children = (
				79D9F7171BAA97790049BF89 /* Base */,
			);
			name = LaunchScreen.xib;
			sourceTree = "<group>";
		};
/* End PBXVariantGroup section */

/* Begin XCBuildConfiguration section */
		79D9F7251BAA97790049BF89 /* Debug */ = {
			isa = XCBuildConfiguration;
			buildSettings = {
				ALWAYS_SEARCH_USER_PATHS = NO;
				CLANG_CXX_LANGUAGE_STANDARD = "gnu++0x";
				CLANG_CXX_LIBRARY = "libc++";
				CLANG_ENABLE_MODULES = YES;
				CLANG_ENABLE_OBJC_ARC = NO;
				CLANG_WARN_BOOL_CONVERSION = YES;
				CLANG_WARN_CONSTANT_CONVERSION = YES;
				CLANG_WARN_DIRECT_OBJC_ISA_USAGE = YES_ERROR;
				CLANG_WARN_EMPTY_BODY = YES;
				CLANG_WARN_ENUM_CONVERSION = YES;
				CLANG_WARN_INT_CONVERSION = YES;
				CLANG_WARN_OBJC_ROOT_CLASS = YES_ERROR;
				CLANG_WARN_UNREACHABLE_CODE = YES;
				CLANG_WARN__DUPLICATE_METHOD_MATCH = YES;
				"CODE_SIGN_IDENTITY[sdk=iphoneos*]" = "iPhone Developer";
				COPY_PHASE_STRIP = NO;
				DEBUG_INFORMATION_FORMAT = "dwarf-with-dsym";
				ENABLE_STRICT_OBJC_MSGSEND = YES;
				GCC_C_LANGUAGE_STANDARD = gnu99;
				GCC_DYNAMIC_NO_PIC = NO;
				GCC_NO_COMMON_BLOCKS = YES;
				GCC_OPTIMIZATION_LEVEL = 0;
				GCC_PREPROCESSOR_DEFINITIONS = (
					"DEBUG=1",
					"$(inherited)",
				);
				GCC_SYMBOLS_PRIVATE_EXTERN = NO;
				GCC_WARN_64_TO_32_BIT_CONVERSION = YES;
				GCC_WARN_ABOUT_RETURN_TYPE = YES_ERROR;
				GCC_WARN_UNDECLARED_SELECTOR = YES;
				GCC_WARN_UNINITIALIZED_AUTOS = YES_AGGRESSIVE;
				GCC_WARN_UNUSED_FUNCTION = YES;
				GCC_WARN_UNUSED_VARIABLE = YES;
				IPHONEOS_DEPLOYMENT_TARGET = 8.3;
				MTL_ENABLE_DEBUG_INFO = YES;
				ONLY_ACTIVE_ARCH = YES;
				SDKROOT = iphoneos;
			};
			name = Debug;
		};
		79D9F7261BAA97790049BF89 /* Release */ = {
			isa = XCBuildConfiguration;
			buildSettings = {
				ALWAYS_SEARCH_USER_PATHS = NO;
				CLANG_CXX_LANGUAGE_STANDARD = "gnu++0x";
				CLANG_CXX_LIBRARY = "libc++";
				CLANG_ENABLE_MODULES = YES;
				CLANG_ENABLE_OBJC_ARC = NO;
				CLANG_WARN_BOOL_CONVERSION = YES;
				CLANG_WARN_CONSTANT_CONVERSION = YES;
				CLANG_WARN_DIRECT_OBJC_ISA_USAGE = YES_ERROR;
				CLANG_WARN_EMPTY_BODY = YES;
				CLANG_WARN_ENUM_CONVERSION = YES;
				CLANG_WARN_INT_CONVERSION = YES;
				CLANG_WARN_OBJC_ROOT_CLASS = YES_ERROR;
				CLANG_WARN_UNREACHABLE_CODE = YES;
				CLANG_WARN__DUPLICATE_METHOD_MATCH = YES;
				"CODE_SIGN_IDENTITY[sdk=iphoneos*]" = "iPhone Developer";
				COPY_PHASE_STRIP = NO;
				DEBUG_INFORMATION_FORMAT = "dwarf-with-dsym";
				ENABLE_NS_ASSERTIONS = NO;
				ENABLE_STRICT_OBJC_MSGSEND = YES;
				GCC_C_LANGUAGE_STANDARD = gnu99;
				GCC_NO_COMMON_BLOCKS = YES;
				GCC_WARN_64_TO_32_BIT_CONVERSION = YES;
				GCC_WARN_ABOUT_RETURN_TYPE = YES_ERROR;
				GCC_WARN_UNDECLARED_SELECTOR = YES;
				GCC_WARN_UNINITIALIZED_AUTOS = YES_AGGRESSIVE;
				GCC_WARN_UNUSED_FUNCTION = YES;
				GCC_WARN_UNUSED_VARIABLE = YES;
				IPHONEOS_DEPLOYMENT_TARGET = 8.3;
				MTL_ENABLE_DEBUG_INFO = NO;
				SDKROOT = iphoneos;
				VALIDATE_PRODUCT = YES;
			};
			name = Release;
		};
		79D9F7281BAA97790049BF89 /* Debug */ = {
			isa = XCBuildConfiguration;
			buildSettings = {
				ASSETCATALOG_COMPILER_APPICON_NAME = AppIcon;
				INFOPLIST_FILE = WaterFlow/Info.plist;
				LD_RUNPATH_SEARCH_PATHS = "$(inherited) @executable_path/Frameworks";
				PRODUCT_NAME = "$(TARGET_NAME)";
			};
			name = Debug;
		};
		79D9F7291BAA97790049BF89 /* Release */ = {
			isa = XCBuildConfiguration;
			buildSettings = {
				ASSETCATALOG_COMPILER_APPICON_NAME = AppIcon;
				INFOPLIST_FILE = WaterFlow/Info.plist;
				LD_RUNPATH_SEARCH_PATHS = "$(inherited) @executable_path/Frameworks";
				PRODUCT_NAME = "$(TARGET_NAME)";
			};
			name = Release;
		};
		79D9F72B1BAA97790049BF89 /* Debug */ = {
			isa = XCBuildConfiguration;
			buildSettings = {
				BUNDLE_LOADER = "$(TEST_HOST)";
				FRAMEWORK_SEARCH_PATHS = (
					"$(SDKROOT)/Developer/Library/Frameworks",
					"$(inherited)",
				);
				GCC_PREPROCESSOR_DEFINITIONS = (
					"DEBUG=1",
					"$(inherited)",
				);
				INFOPLIST_FILE = WaterFlowTests/Info.plist;
				LD_RUNPATH_SEARCH_PATHS = "$(inherited) @executable_path/Frameworks @loader_path/Frameworks";
				PRODUCT_NAME = "$(TARGET_NAME)";
				TEST_HOST = "$(BUILT_PRODUCTS_DIR)/WaterFlow.app/WaterFlow";
			};
			name = Debug;
		};
		79D9F72C1BAA97790049BF89 /* Release */ = {
			isa = XCBuildConfiguration;
			buildSettings = {
				BUNDLE_LOADER = "$(TEST_HOST)";
				FRAMEWORK_SEARCH_PATHS = (
					"$(SDKROOT)/Developer/Library/Frameworks",
					"$(inherited)",
				);
				INFOPLIST_FILE = WaterFlowTests/Info.plist;
				LD_RUNPATH_SEARCH_PATHS = "$(inherited) @executable_path/Frameworks @loader_path/Frameworks";
				PRODUCT_NAME = "$(TARGET_NAME)";
				TEST_HOST = "$(BUILT_PRODUCTS_DIR)/WaterFlow.app/WaterFlow";
			};
			name = Release;
		};
/* End XCBuildConfiguration section */

/* Begin XCConfigurationList section */
		79D9F7051BAA97790049BF89 /* Build configuration list for PBXProject "WaterFlow" */ = {
			isa = XCConfigurationList;
			buildConfigurations = (
				79D9F7251BAA97790049BF89 /* Debug */,
				79D9F7261BAA97790049BF89 /* Release */,
			);
			defaultConfigurationIsVisible = 0;
			defaultConfigurationName = Release;
		};
		79D9F7271BAA97790049BF89 /* Build configuration list for PBXNativeTarget "WaterFlow" */ = {
			isa = XCConfigurationList;
			buildConfigurations = (
				79D9F7281BAA97790049BF89 /* Debug */,
				79D9F7291BAA97790049BF89 /* Release */,
			);
			defaultConfigurationIsVisible = 0;
		};
		79D9F72A1BAA97790049BF89 /* Build configuration list for PBXNativeTarget "WaterFlowTests" */ = {
			isa = XCConfigurationList;
			buildConfigurations = (
				79D9F72B1BAA97790049BF89 /* Debug */,
				79D9F72C1BAA97790049BF89 /* Release */,
			);
			defaultConfigurationIsVisible = 0;
		};
/* End XCConfigurationList section */
	};
	rootObject = 79D9F7021BAA97790049BF89 /* Project object */;
}
